
Microsoft Visual Studio Solution File, Format Version 12.00
# Visual Studio Version 17
VisualStudioVersion = 17.13.35818.85 d17.13
MinimumVisualStudioVersion = 10.0.40219.1
Project("{FAE04EC0-301F-11D3-BF4B-00C04F79EFBC}") = "Arkitektum.GIS.Lib.MetadataCSW", "Arkitektum.GIS.Lib.MetadataCSW.csproj", "{2B3EF2ED-5CBA-4AEE-A2DB-3F276AA36D2B}"
EndProject
Global
	GlobalSection(SolutionConfigurationPlatforms) = preSolution
		Debug|Any CPU = Debug|Any CPU
		Release|Any CPU = Release|Any CPU
	EndGlobalSection
	GlobalSection(ProjectConfigurationPlatforms) = postSolution
		{2B3EF2ED-5CBA-4AEE-A2DB-3F276AA36D2B}.Debug|Any CPU.ActiveCfg = Debug|Any CPU
		{2B3EF2ED-5CBA-4AEE-A2DB-3F276AA36D2B}.Debug|Any CPU.Build.0 = Debug|Any CPU
		{2B3EF2ED-5CBA-4AEE-A2DB-3F276AA36D2B}.Release|Any CPU.ActiveCfg = Release|Any CPU
		{2B3EF2ED-5CBA-4AEE-A2DB-3F276AA36D2B}.Release|Any CPU.Build.0 = Release|Any CPU
	EndGlobalSection
	GlobalSection(SolutionProperties) = preSolution
		HideSolutionNode = FALSE
	EndGlobalSection
EndGlobal
